// !$*UTF8*$!
{
	archiveVersion = 1;
	classes = {
	};
	objectVersion = 46;
	objects = {

/* Begin PBXBuildFile section */
		815EF8F2195381B10013AA45 /* Foundation.framework in Frameworks */ = {isa = PBXBuildFile; fileRef = 815EF8F1195381B10013AA45 /* Foundation.framework */; };
		815EF8F4195381B10013AA45 /* CoreGraphics.framework in Frameworks */ = {isa = PBXBuildFile; fileRef = 815EF8F3195381B10013AA45 /* CoreGraphics.framework */; };
		815EF8F6195381B10013AA45 /* UIKit.framework in Frameworks */ = {isa = PBXBuildFile; fileRef = 815EF8F5195381B10013AA45 /* UIKit.framework */; };
		815EF8FC195381B10013AA45 /* InfoPlist.strings in Resources */ = {isa = PBXBuildFile; fileRef = 815EF8FA195381B10013AA45 /* InfoPlist.strings */; };
		815EF8FE195381B10013AA45 /* main.m in Sources */ = {isa = PBXBuildFile; fileRef = 815EF8FD195381B10013AA45 /* main.m */; };
		815EF902195381B10013AA45 /* CardGameAppDelegate.m in Sources */ = {isa = PBXBuildFile; fileRef = 815EF901195381B10013AA45 /* CardGameAppDelegate.m */; };
		815EF905195381B10013AA45 /* Main.storyboard in Resources */ = {isa = PBXBuildFile; fileRef = 815EF903195381B10013AA45 /* Main.storyboard */; };
		815EF908195381B10013AA45 /* CardGameViewController.m in Sources */ = {isa = PBXBuildFile; fileRef = 815EF907195381B10013AA45 /* CardGameViewController.m */; };
		815EF90A195381B10013AA45 /* Images.xcassets in Resources */ = {isa = PBXBuildFile; fileRef = 815EF909195381B10013AA45 /* Images.xcassets */; };
		815EF911195381B10013AA45 /* XCTest.framework in Frameworks */ = {isa = PBXBuildFile; fileRef = 815EF910195381B10013AA45 /* XCTest.framework */; };
		815EF912195381B10013AA45 /* Foundation.framework in Frameworks */ = {isa = PBXBuildFile; fileRef = 815EF8F1195381B10013AA45 /* Foundation.framework */; };
		815EF913195381B10013AA45 /* UIKit.framework in Frameworks */ = {isa = PBXBuildFile; fileRef = 815EF8F5195381B10013AA45 /* UIKit.framework */; };
		815EF91B195381B10013AA45 /* InfoPlist.strings in Resources */ = {isa = PBXBuildFile; fileRef = 815EF919195381B10013AA45 /* InfoPlist.strings */; };
		815EF91D195381B10013AA45 /* CardGameTests.m in Sources */ = {isa = PBXBuildFile; fileRef = 815EF91C195381B10013AA45 /* CardGameTests.m */; };
		815EF928195396880013AA45 /* Card.m in Sources */ = {isa = PBXBuildFile; fileRef = 815EF927195396880013AA45 /* Card.m */; };
		815EF92C19539A460013AA45 /* PlayingCard.m in Sources */ = {isa = PBXBuildFile; fileRef = 815EF92B19539A460013AA45 /* PlayingCard.m */; };
		815EF92F1953A1BF0013AA45 /* Deck.m in Sources */ = {isa = PBXBuildFile; fileRef = 815EF92E1953A1BF0013AA45 /* Deck.m */; };
		815EF9321953A6990013AA45 /* PlayingCardDeck.m in Sources */ = {isa = PBXBuildFile; fileRef = 815EF9311953A6990013AA45 /* PlayingCardDeck.m */; };
		81805FF219579E230002B85F /* PlayingCardGameViewController.m in Sources */ = {isa = PBXBuildFile; fileRef = 81805FF119579E230002B85F /* PlayingCardGameViewController.m */; };
		81DEB5981955FA2F001B3AF8 /* CardMatchingGame.m in Sources */ = {isa = PBXBuildFile; fileRef = 81DEB5971955FA2F001B3AF8 /* CardMatchingGame.m */; };
/* End PBXBuildFile section */

/* Begin PBXContainerItemProxy section */
		815EF914195381B10013AA45 /* PBXContainerItemProxy */ = {
			isa = PBXContainerItemProxy;
			containerPortal = 815EF8E6195381B10013AA45 /* Project object */;
			proxyType = 1;
			remoteGlobalIDString = 815EF8ED195381B10013AA45;
			remoteInfo = CardGame;
		};
/* End PBXContainerItemProxy section */

/* Begin PBXFileReference section */
		815EF8EE195381B10013AA45 /* CardGame.app */ = {isa = PBXFileReference; explicitFileType = wrapper.application; includeInIndex = 0; path = CardGame.app; sourceTree = BUILT_PRODUCTS_DIR; };
		815EF8F1195381B10013AA45 /* Foundation.framework */ = {isa = PBXFileReference; lastKnownFileType = wrapper.framework; name = Foundation.framework; path = System/Library/Frameworks/Foundation.framework; sourceTree = SDKROOT; };
		815EF8F3195381B10013AA45 /* CoreGraphics.framework */ = {isa = PBXFileReference; lastKnownFileType = wrapper.framework; name = CoreGraphics.framework; path = System/Library/Frameworks/CoreGraphics.framework; sourceTree = SDKROOT; };
		815EF8F5195381B10013AA45 /* UIKit.framework */ = {isa = PBXFileReference; lastKnownFileType = wrapper.framework; name = UIKit.framework; path = System/Library/Frameworks/UIKit.framework; sourceTree = SDKROOT; };
		815EF8F9195381B10013AA45 /* CardGame-Info.plist */ = {isa = PBXFileReference; lastKnownFileType = text.plist.xml; path = "CardGame-Info.plist"; sourceTree = "<group>"; };
		815EF8FB195381B10013AA45 /* en */ = {isa = PBXFileReference; lastKnownFileType = text.plist.strings; name = en; path = en.lproj/InfoPlist.strings; sourceTree = "<group>"; };
		815EF8FD195381B10013AA45 /* main.m */ = {isa = PBXFileReference; lastKnownFileType = sourcecode.c.objc; path = main.m; sourceTree = "<group>"; };
		815EF8FF195381B10013AA45 /* CardGame-Prefix.pch */ = {isa = PBXFileReference; lastKnownFileType = sourcecode.c.h; path = "CardGame-Prefix.pch"; sourceTree = "<group>"; };
		815EF900195381B10013AA45 /* CardGameAppDelegate.h */ = {isa = PBXFileReference; lastKnownFileType = sourcecode.c.h; path = CardGameAppDelegate.h; sourceTree = "<group>"; };
		815EF901195381B10013AA45 /* CardGameAppDelegate.m */ = {isa = PBXFileReference; lastKnownFileType = sourcecode.c.objc; path = CardGameAppDelegate.m; sourceTree = "<group>"; };
		815EF904195381B10013AA45 /* Base */ = {isa = PBXFileReference; lastKnownFileType = file.storyboard; name = Base; path = Base.lproj/Main.storyboard; sourceTree = "<group>"; };
		815EF906195381B10013AA45 /* CardGameViewController.h */ = {isa = PBXFileReference; lastKnownFileType = sourcecode.c.h; path = CardGameViewController.h; sourceTree = "<group>"; };
		815EF907195381B10013AA45 /* CardGameViewController.m */ = {isa = PBXFileReference; lastKnownFileType = sourcecode.c.objc; path = CardGameViewController.m; sourceTree = "<group>"; };
		815EF909195381B10013AA45 /* Images.xcassets */ = {isa = PBXFileReference; lastKnownFileType = folder.assetcatalog; path = Images.xcassets; sourceTree = "<group>"; };
		815EF90F195381B10013AA45 /* CardGameTests.xctest */ = {isa = PBXFileReference; explicitFileType = wrapper.cfbundle; includeInIndex = 0; path = CardGameTests.xctest; sourceTree = BUILT_PRODUCTS_DIR; };
		815EF910195381B10013AA45 /* XCTest.framework */ = {isa = PBXFileReference; lastKnownFileType = wrapper.framework; name = XCTest.framework; path = Library/Frameworks/XCTest.framework; sourceTree = DEVELOPER_DIR; };
		815EF918195381B10013AA45 /* CardGameTests-Info.plist */ = {isa = PBXFileReference; lastKnownFileType = text.plist.xml; path = "CardGameTests-Info.plist"; sourceTree = "<group>"; };
		815EF91A195381B10013AA45 /* en */ = {isa = PBXFileReference; lastKnownFileType = text.plist.strings; name = en; path = en.lproj/InfoPlist.strings; sourceTree = "<group>"; };
		815EF91C195381B10013AA45 /* CardGameTests.m */ = {isa = PBXFileReference; lastKnownFileType = sourcecode.c.objc; path = CardGameTests.m; sourceTree = "<group>"; };
		815EF926195396880013AA45 /* Card.h */ = {isa = PBXFileReference; fileEncoding = 4; lastKnownFileType = sourcecode.c.h; name = Card.h; path = Model/Card.h; sourceTree = "<group>"; };
		815EF927195396880013AA45 /* Card.m */ = {isa = PBXFileReference; fileEncoding = 4; lastKnownFileType = sourcecode.c.objc; name = Card.m; path = Model/Card.m; sourceTree = "<group>"; };
		815EF92A19539A460013AA45 /* PlayingCard.h */ = {isa = PBXFileReference; fileEncoding = 4; lastKnownFileType = sourcecode.c.h; name = PlayingCard.h; path = Model/PlayingCard.h; sourceTree = "<group>"; };
		815EF92B19539A460013AA45 /* PlayingCard.m */ = {isa = PBXFileReference; fileEncoding = 4; lastKnownFileType = sourcecode.c.objc; name = PlayingCard.m; path = Model/PlayingCard.m; sourceTree = "<group>"; };
		815EF92D1953A1BF0013AA45 /* Deck.h */ = {isa = PBXFileReference; fileEncoding = 4; lastKnownFileType = sourcecode.c.h; name = Deck.h; path = Model/Deck.h; sourceTree = "<group>"; };
		815EF92E1953A1BF0013AA45 /* Deck.m */ = {isa = PBXFileReference; fileEncoding = 4; lastKnownFileType = sourcecode.c.objc; name = Deck.m; path = Model/Deck.m; sourceTree = "<group>"; };
		815EF9301953A6990013AA45 /* PlayingCardDeck.h */ = {isa = PBXFileReference; fileEncoding = 4; lastKnownFileType = sourcecode.c.h; name = PlayingCardDeck.h; path = Model/PlayingCardDeck.h; sourceTree = "<group>"; };
		815EF9311953A6990013AA45 /* PlayingCardDeck.m */ = {isa = PBXFileReference; fileEncoding = 4; lastKnownFileType = sourcecode.c.objc; name = PlayingCardDeck.m; path = Model/PlayingCardDeck.m; sourceTree = "<group>"; };
		81805FF019579E230002B85F /* PlayingCardGameViewController.h */ = {isa = PBXFileReference; fileEncoding = 4; lastKnownFileType = sourcecode.c.h; path = PlayingCardGameViewController.h; sourceTree = "<group>"; };
		81805FF119579E230002B85F /* PlayingCardGameViewController.m */ = {isa = PBXFileReference; fileEncoding = 4; lastKnownFileType = sourcecode.c.objc; path = PlayingCardGameViewController.m; sourceTree = "<group>"; };
		81DEB5961955FA2F001B3AF8 /* CardMatchingGame.h */ = {isa = PBXFileReference; fileEncoding = 4; lastKnownFileType = sourcecode.c.h; name = CardMatchingGame.h; path = Model/CardMatchingGame.h; sourceTree = "<group>"; };
		81DEB5971955FA2F001B3AF8 /* CardMatchingGame.m */ = {isa = PBXFileReference; fileEncoding = 4; lastKnownFileType = sourcecode.c.objc; name = CardMatchingGame.m; path = Model/CardMatchingGame.m; sourceTree = "<group>"; };
/* End PBXFileReference section */

/* Begin PBXFrameworksBuildPhase section */
		815EF8EB195381B10013AA45 /* Frameworks */ = {
			isa = PBXFrameworksBuildPhase;
			buildActionMask = 2147483647;
			files = (
				815EF8F4195381B10013AA45 /* CoreGraphics.framework in Frameworks */,
				815EF8F6195381B10013AA45 /* UIKit.framework in Frameworks */,
				815EF8F2195381B10013AA45 /* Foundation.framework in Frameworks */,
			);
			runOnlyForDeploymentPostprocessing = 0;
		};
		815EF90C195381B10013AA45 /* Frameworks */ = {
			isa = PBXFrameworksBuildPhase;
			buildActionMask = 2147483647;
			files = (
				815EF911195381B10013AA45 /* XCTest.framework in Frameworks */,
				815EF913195381B10013AA45 /* UIKit.framework in Frameworks */,
				815EF912195381B10013AA45 /* Foundation.framework in Frameworks */,
			);
			runOnlyForDeploymentPostprocessing = 0;
		};
/* End PBXFrameworksBuildPhase section */

/* Begin PBXGroup section */
		815EF8E5195381B10013AA45 = {
			isa = PBXGroup;
			children = (
				815EF8F7195381B10013AA45 /* CardGame */,
				815EF916195381B10013AA45 /* CardGameTests */,
				815EF8F0195381B10013AA45 /* Frameworks */,
				815EF8EF195381B10013AA45 /* Products */,
			);
			sourceTree = "<group>";
		};
		815EF8EF195381B10013AA45 /* Products */ = {
			isa = PBXGroup;
			children = (
				815EF8EE195381B10013AA45 /* CardGame.app */,
				815EF90F195381B10013AA45 /* CardGameTests.xctest */,
			);
			name = Products;
			sourceTree = "<group>";
		};
		815EF8F0195381B10013AA45 /* Frameworks */ = {
			isa = PBXGroup;
			children = (
				815EF8F1195381B10013AA45 /* Foundation.framework */,
				815EF8F3195381B10013AA45 /* CoreGraphics.framework */,
				815EF8F5195381B10013AA45 /* UIKit.framework */,
				815EF910195381B10013AA45 /* XCTest.framework */,
			);
			name = Frameworks;
			sourceTree = "<group>";
		};
		815EF8F7195381B10013AA45 /* CardGame */ = {
			isa = PBXGroup;
			children = (
				815EF903195381B10013AA45 /* Main.storyboard */,
				815EF906195381B10013AA45 /* CardGameViewController.h */,
				815EF907195381B10013AA45 /* CardGameViewController.m */,
				81805FF019579E230002B85F /* PlayingCardGameViewController.h */,
				81805FF119579E230002B85F /* PlayingCardGameViewController.m */,
				815EF929195397190013AA45 /* Model */,
				815EF909195381B10013AA45 /* Images.xcassets */,
				815EF8F8195381B10013AA45 /* Supporting Files */,
			);
			path = CardGame;
			sourceTree = "<group>";
		};
		815EF8F8195381B10013AA45 /* Supporting Files */ = {
			isa = PBXGroup;
			children = (
				815EF900195381B10013AA45 /* CardGameAppDelegate.h */,
				815EF901195381B10013AA45 /* CardGameAppDelegate.m */,
				815EF8F9195381B10013AA45 /* CardGame-Info.plist */,
				815EF8FA195381B10013AA45 /* InfoPlist.strings */,
				815EF8FD195381B10013AA45 /* main.m */,
				815EF8FF195381B10013AA45 /* CardGame-Prefix.pch */,
			);
			name = "Supporting Files";
			sourceTree = "<group>";
		};
		815EF916195381B10013AA45 /* CardGameTests */ = {
			isa = PBXGroup;
			children = (
				815EF91C195381B10013AA45 /* CardGameTests.m */,
				815EF917195381B10013AA45 /* Supporting Files */,
			);
			path = CardGameTests;
			sourceTree = "<group>";
		};
		815EF917195381B10013AA45 /* Supporting Files */ = {
			isa = PBXGroup;
			children = (
				815EF918195381B10013AA45 /* CardGameTests-Info.plist */,
				815EF919195381B10013AA45 /* InfoPlist.strings */,
			);
			name = "Supporting Files";
			sourceTree = "<group>";
		};
		815EF929195397190013AA45 /* Model */ = {
			isa = PBXGroup;
			children = (
				81DEB5961955FA2F001B3AF8 /* CardMatchingGame.h */,
				81DEB5971955FA2F001B3AF8 /* CardMatchingGame.m */,
				815EF926195396880013AA45 /* Card.h */,
				815EF927195396880013AA45 /* Card.m */,
				815EF92D1953A1BF0013AA45 /* Deck.h */,
				815EF92E1953A1BF0013AA45 /* Deck.m */,
				815EF92A19539A460013AA45 /* PlayingCard.h */,
				815EF92B19539A460013AA45 /* PlayingCard.m */,
				815EF9301953A6990013AA45 /* PlayingCardDeck.h */,
				815EF9311953A6990013AA45 /* PlayingCardDeck.m */,
			);
			name = Model;
			sourceTree = "<group>";
		};
/* End PBXGroup section */

/* Begin PBXNativeTarget section */
		815EF8ED195381B10013AA45 /* CardGame */ = {
			isa = PBXNativeTarget;
			buildConfigurationList = 815EF920195381B10013AA45 /* Build configuration list for PBXNativeTarget "CardGame" */;
			buildPhases = (
				815EF8EA195381B10013AA45 /* Sources */,
				815EF8EB195381B10013AA45 /* Frameworks */,
				815EF8EC195381B10013AA45 /* Resources */,
			);
			buildRules = (
			);
			dependencies = (
			);
			name = CardGame;
			productName = CardGame;
			productReference = 815EF8EE195381B10013AA45 /* CardGame.app */;
			productType = "com.apple.product-type.application";
		};
		815EF90E195381B10013AA45 /* CardGameTests */ = {
			isa = PBXNativeTarget;
			buildConfigurationList = 815EF923195381B10013AA45 /* Build configuration list for PBXNativeTarget "CardGameTests" */;
			buildPhases = (
				815EF90B195381B10013AA45 /* Sources */,
				815EF90C195381B10013AA45 /* Frameworks */,
				815EF90D195381B10013AA45 /* Resources */,
			);
			buildRules = (
			);
			dependencies = (
				815EF915195381B10013AA45 /* PBXTargetDependency */,
			);
			name = CardGameTests;
			productName = CardGameTests;
			productReference = 815EF90F195381B10013AA45 /* CardGameTests.xctest */;
			productType = "com.apple.product-type.bundle.unit-test";
		};
/* End PBXNativeTarget section */

/* Begin PBXProject section */
		815EF8E6195381B10013AA45 /* Project object */ = {
			isa = PBXProject;
			attributes = {
				CLASSPREFIX = CardGame;
				LastUpgradeCheck = 0510;
				ORGANIZATIONNAME = Kacey;
				TargetAttributes = {
					815EF90E195381B10013AA45 = {
						TestTargetID = 815EF8ED195381B10013AA45;
					};
				};
			};
			buildConfigurationList = 815EF8E9195381B10013AA45 /* Build configuration list for PBXProject "CardGame" */;
			compatibilityVersion = "Xcode 3.2";
			developmentRegion = English;
			hasScannedForEncodings = 0;
			knownRegions = (
				en,
				Base,
			);
			mainGroup = 815EF8E5195381B10013AA45;
			productRefGroup = 815EF8EF195381B10013AA45 /* Products */;
			projectDirPath = "";
			projectRoot = "";
			targets = (
				815EF8ED195381B10013AA45 /* CardGame */,
				815EF90E195381B10013AA45 /* CardGameTests */,
			);
		};
/* End PBXProject section */

/* Begin PBXResourcesBuildPhase section */
		815EF8EC195381B10013AA45 /* Resources */ = {
			isa = PBXResourcesBuildPhase;
			buildActionMask = 2147483647;
			files = (
				815EF90A195381B10013AA45 /* Images.xcassets in Resources */,
				815EF8FC195381B10013AA45 /* InfoPlist.strings in Resources */,
				815EF905195381B10013AA45 /* Main.storyboard in Resources */,
			);
			runOnlyForDeploymentPostprocessing = 0;
		};
		815EF90D195381B10013AA45 /* Resources */ = {
			isa = PBXResourcesBuildPhase;
			buildActionMask = 2147483647;
			files = (
				815EF91B195381B10013AA45 /* InfoPlist.strings in Resources */,
			);
			runOnlyForDeploymentPostprocessing = 0;
		};
/* End PBXResourcesBuildPhase section */

/* Begin PBXSourcesBuildPhase section */
		815EF8EA195381B10013AA45 /* Sources */ = {
			isa = PBXSourcesBuildPhase;
			buildActionMask = 2147483647;
			files = (
				815EF902195381B10013AA45 /* CardGameAppDelegate.m in Sources */,
				815EF908195381B10013AA45 /* CardGameViewController.m in Sources */,
				815EF8FE195381B10013AA45 /* main.m in Sources */,
				815EF92C19539A460013AA45 /* PlayingCard.m in Sources */,
				81DEB5981955FA2F001B3AF8 /* CardMatchingGame.m in Sources */,
				815EF9321953A6990013AA45 /* PlayingCardDeck.m in Sources */,
				815EF92F1953A1BF0013AA45 /* Deck.m in Sources */,
				815EF928195396880013AA45 /* Card.m in Sources */,
				81805FF219579E230002B85F /* PlayingCardGameViewController.m in Sources */,
			);
			runOnlyForDeploymentPostprocessing = 0;
		};
		815EF90B195381B10013AA45 /* Sources */ = {
			isa = PBXSourcesBuildPhase;
			buildActionMask = 2147483647;
			files = (
				815EF91D195381B10013AA45 /* CardGameTests.m in Sources */,
			);
			runOnlyForDeploymentPostprocessing = 0;
		};
/* End PBXSourcesBuildPhase section */

/* Begin PBXTargetDependency section */
		815EF915195381B10013AA45 /* PBXTargetDependency */ = {
			isa = PBXTargetDependency;
			target = 815EF8ED195381B10013AA45 /* CardGame */;
			targetProxy = 815EF914195381B10013AA45 /* PBXContainerItemProxy */;
		};
/* End PBXTargetDependency section */

/* Begin PBXVariantGroup section */
		815EF8FA195381B10013AA45 /* InfoPlist.strings */ = {
			isa = PBXVariantGroup;
			children = (
				815EF8FB195381B10013AA45 /* en */,
			);
			name = InfoPlist.strings;
			sourceTree = "<group>";
		};
		815EF903195381B10013AA45 /* Main.storyboard */ = {
			isa = PBXVariantGroup;
			children = (
				815EF904195381B10013AA45 /* Base */,
			);
			name = Main.storyboard;
			sourceTree = "<group>";
		};
		815EF919195381B10013AA45 /* InfoPlist.strings */ = {
			isa = PBXVariantGroup;
			children = (
				815EF91A195381B10013AA45 /* en */,
			);
			name = InfoPlist.strings;
			sourceTree = "<group>";
		};
/* End PBXVariantGroup section */

/* Begin XCBuildConfiguration section */
		815EF91E195381B10013AA45 /* Debug */ = {
			isa = XCBuildConfiguration;
			buildSettings = {
				ALWAYS_SEARCH_USER_PATHS = NO;
				CLANG_CXX_LANGUAGE_STANDARD = "gnu++0x";
				CLANG_CXX_LIBRARY = "libc++";
				CLANG_ENABLE_MODULES = YES;
				CLANG_ENABLE_OBJC_ARC = YES;
				CLANG_WARN_BOOL_CONVERSION = YES;
				CLANG_WARN_CONSTANT_CONVERSION = YES;
				CLANG_WARN_DIRECT_OBJC_ISA_USAGE = YES_ERROR;
				CLANG_WARN_EMPTY_BODY = YES;
				CLANG_WARN_ENUM_CONVERSION = YES;
				CLANG_WARN_INT_CONVERSION = YES;
				CLANG_WARN_OBJC_ROOT_CLASS = YES_ERROR;
				CLANG_WARN__DUPLICATE_METHOD_MATCH = YES;
				"CODE_SIGN_IDENTITY[sdk=iphoneos*]" = "iPhone Developer";
				COPY_PHASE_STRIP = NO;
				GCC_C_LANGUAGE_STANDARD = gnu99;
				GCC_DYNAMIC_NO_PIC = NO;
				GCC_OPTIMIZATION_LEVEL = 0;
				GCC_PREPROCESSOR_DEFINITIONS = (
					"DEBUG=1",
					"$(inherited)",
				);
				GCC_SYMBOLS_PRIVATE_EXTERN = NO;
				GCC_WARN_64_TO_32_BIT_CONVERSION = YES;
				GCC_WARN_ABOUT_RETURN_TYPE = YES_ERROR;
				GCC_WARN_UNDECLARED_SELECTOR = YES;
				GCC_WARN_UNINITIALIZED_AUTOS = YES_AGGRESSIVE;
				GCC_WARN_UNUSED_FUNCTION = YES;
				GCC_WARN_UNUSED_VARIABLE = YES;
				IPHONEOS_DEPLOYMENT_TARGET = 7.1;
				ONLY_ACTIVE_ARCH = YES;
				SDKROOT = iphoneos;
			};
			name = Debug;
		};
		815EF91F195381B10013AA45 /* Release */ = {
			isa = XCBuildConfiguration;
			buildSettings = {
				ALWAYS_SEARCH_USER_PATHS = NO;
				CLANG_CXX_LANGUAGE_STANDARD = "gnu++0x";
				CLANG_CXX_LIBRARY = "libc++";
				CLANG_ENABLE_MODULES = YES;
				CLANG_ENABLE_OBJC_ARC = YES;
				CLANG_WARN_BOOL_CONVERSION = YES;
				CLANG_WARN_CONSTANT_CONVERSION = YES;
				CLANG_WARN_DIRECT_OBJC_ISA_USAGE = YES_ERROR;
				CLANG_WARN_EMPTY_BODY = YES;
				CLANG_WARN_ENUM_CONVERSION = YES;
				CLANG_WARN_INT_CONVERSION = YES;
				CLANG_WARN_OBJC_ROOT_CLASS = YES_ERROR;
				CLANG_WARN__DUPLICATE_METHOD_MATCH = YES;
				"CODE_SIGN_IDENTITY[sdk=iphoneos*]" = "iPhone Developer";
				COPY_PHASE_STRIP = YES;
				ENABLE_NS_ASSERTIONS = NO;
				GCC_C_LANGUAGE_STANDARD = gnu99;
				GCC_WARN_64_TO_32_BIT_CONVERSION = YES;
				GCC_WARN_ABOUT_RETURN_TYPE = YES_ERROR;
				GCC_WARN_UNDECLARED_SELECTOR = YES;
				GCC_WARN_UNINITIALIZED_AUTOS = YES_AGGRESSIVE;
				GCC_WARN_UNUSED_FUNCTION = YES;
				GCC_WARN_UNUSED_VARIABLE = YES;
				IPHONEOS_DEPLOYMENT_TARGET = 7.1;
				SDKROOT = iphoneos;
				VALIDATE_PRODUCT = YES;
			};
			name = Release;
		};
		815EF921195381B10013AA45 /* Debug */ = {
			isa = XCBuildConfiguration;
			buildSettings = {
				ASSETCATALOG_COMPILER_APPICON_NAME = AppIcon;
				ASSETCATALOG_COMPILER_LAUNCHIMAGE_NAME = LaunchImage;
				GCC_PRECOMPILE_PREFIX_HEADER = YES;
				GCC_PREFIX_HEADER = "CardGame/CardGame-Prefix.pch";
				INFOPLIST_FILE = "CardGame/CardGame-Info.plist";
				PRODUCT_NAME = "$(TARGET_NAME)";
				WRAPPER_EXTENSION = app;
			};
			name = Debug;
		};
		815EF922195381B10013AA45 /* Release */ = {
			isa = XCBuildConfiguration;
			buildSettings = {
				ASSETCATALOG_COMPILER_APPICON_NAME = AppIcon;
				ASSETCATALOG_COMPILER_LAUNCHIMAGE_NAME = LaunchImage;
				GCC_PRECOMPILE_PREFIX_HEADER = YES;
				GCC_PREFIX_HEADER = "CardGame/CardGame-Prefix.pch";
				INFOPLIST_FILE = "CardGame/CardGame-Info.plist";
				PRODUCT_NAME = "$(TARGET_NAME)";
				WRAPPER_EXTENSION = app;
			};
			name = Release;
		};
		815EF924195381B10013AA45 /* Debug */ = {
			isa = XCBuildConfiguration;
			buildSettings = {
				BUNDLE_LOADER = "$(BUILT_PRODUCTS_DIR)/CardGame.app/CardGame";
				FRAMEWORK_SEARCH_PATHS = (
					"$(SDKROOT)/Developer/Library/Frameworks",
					"$(inherited)",
					"$(DEVELOPER_FRAMEWORKS_DIR)",
				);
				GCC_PRECOMPILE_PREFIX_HEADER = YES;
				GCC_PREFIX_HEADER = "CardGame/CardGame-Prefix.pch";
				GCC_PREPROCESSOR_DEFINITIONS = (
					"DEBUG=1",
					"$(inherited)",
				);
				INFOPLIST_FILE = "CardGameTests/CardGameTests-Info.plist";
				PRODUCT_NAME = "$(TARGET_NAME)";
				TEST_HOST = "$(BUNDLE_LOADER)";
				WRAPPER_EXTENSION = xctest;
			};
			name = Debug;
		};
		815EF925195381B10013AA45 /* Release */ = {
			isa = XCBuildConfiguration;
			buildSettings = {
				BUNDLE_LOADER = "$(BUILT_PRODUCTS_DIR)/CardGame.app/CardGame";
				FRAMEWORK_SEARCH_PATHS = (
					"$(SDKROOT)/Developer/Library/Frameworks",
					"$(inherited)",
					"$(DEVELOPER_FRAMEWORKS_DIR)",
				);
				GCC_PRECOMPILE_PREFIX_HEADER = YES;
				GCC_PREFIX_HEADER = "CardGame/CardGame-Prefix.pch";
				INFOPLIST_FILE = "CardGameTests/CardGameTests-Info.plist";
				PRODUCT_NAME = "$(TARGET_NAME)";
				TEST_HOST = "$(BUNDLE_LOADER)";
				WRAPPER_EXTENSION = xctest;
			};
			name = Release;
		};
/* End XCBuildConfiguration section */

/* Begin XCConfigurationList section */
		815EF8E9195381B10013AA45 /* Build configuration list for PBXProject "CardGame" */ = {
			isa = XCConfigurationList;
			buildConfigurations = (
				815EF91E195381B10013AA45 /* Debug */,
				815EF91F195381B10013AA45 /* Release */,
			);
			defaultConfigurationIsVisible = 0;
			defaultConfigurationName = Release;
		};
		815EF920195381B10013AA45 /* Build configuration list for PBXNativeTarget "CardGame" */ = {
			isa = XCConfigurationList;
			buildConfigurations = (
				815EF921195381B10013AA45 /* Debug */,
				815EF922195381B10013AA45 /* Release */,
			);
			defaultConfigurationIsVisible = 0;
			defaultConfigurationName = Release;
		};
		815EF923195381B10013AA45 /* Build configuration list for PBXNativeTarget "CardGameTests" */ = {
			isa = XCConfigurationList;
			buildConfigurations = (
				815EF924195381B10013AA45 /* Debug */,
				815EF925195381B10013AA45 /* Release */,
			);
			defaultConfigurationIsVisible = 0;
			defaultConfigurationName = Release;
		};
/* End XCConfigurationList section */
	};
	rootObject = 815EF8E6195381B10013AA45 /* Project object */;
}
